// !$*UTF8*$!
{
	archiveVersion = 1;
	classes = {
	};
	objectVersion = 55;
	objects = {

/* Begin PBXBuildFile section */
		F83D523628D49C700030B9C1 /* UIViewController.swift in Sources */ = {isa = PBXBuildFile; fileRef = F83D523528D49C700030B9C1 /* UIViewController.swift */; };
		F83D523828D4A8610030B9C1 /* Colors.swift in Sources */ = {isa = PBXBuildFile; fileRef = F83D523728D4A8610030B9C1 /* Colors.swift */; };
		F83D523A28D4ACC50030B9C1 /* MovieStatisticsView.swift in Sources */ = {isa = PBXBuildFile; fileRef = F83D523928D4ACC50030B9C1 /* MovieStatisticsView.swift */; };
		F844BB9E28D0DF9B00669178 /* AppDelegate.swift in Sources */ = {isa = PBXBuildFile; fileRef = F844BB9D28D0DF9B00669178 /* AppDelegate.swift */; };
		F844BBA028D0DF9B00669178 /* SceneDelegate.swift in Sources */ = {isa = PBXBuildFile; fileRef = F844BB9F28D0DF9B00669178 /* SceneDelegate.swift */; };
		F844BBA728D0DF9C00669178 /* Assets.xcassets in Resources */ = {isa = PBXBuildFile; fileRef = F844BBA628D0DF9C00669178 /* Assets.xcassets */; };
		F844BBAA28D0DF9C00669178 /* LaunchScreen.storyboard in Resources */ = {isa = PBXBuildFile; fileRef = F844BBA828D0DF9C00669178 /* LaunchScreen.storyboard */; };
		F844BBB528D0DF9C00669178 /* MoviesAppTests.swift in Sources */ = {isa = PBXBuildFile; fileRef = F844BBB428D0DF9C00669178 /* MoviesAppTests.swift */; };
		F844BBBF28D0DF9C00669178 /* MoviesAppUITests.swift in Sources */ = {isa = PBXBuildFile; fileRef = F844BBBE28D0DF9C00669178 /* MoviesAppUITests.swift */; };
		F844BBC128D0DF9C00669178 /* MoviesAppUITestsLaunchTests.swift in Sources */ = {isa = PBXBuildFile; fileRef = F844BBC028D0DF9C00669178 /* MoviesAppUITestsLaunchTests.swift */; };
		F844BBDA28D0E49D00669178 /* APIRequest.swift in Sources */ = {isa = PBXBuildFile; fileRef = F844BBD928D0E49D00669178 /* APIRequest.swift */; };
		F844BBDD28D0E4C900669178 /* Constants.swift in Sources */ = {isa = PBXBuildFile; fileRef = F844BBDC28D0E4C900669178 /* Constants.swift */; };
		F844BBDF28D0E4E100669178 /* APIs.swift in Sources */ = {isa = PBXBuildFile; fileRef = F844BBDE28D0E4E100669178 /* APIs.swift */; };
		F844BBE128D0E74E00669178 /* RequestHandler.swift in Sources */ = {isa = PBXBuildFile; fileRef = F844BBE028D0E74E00669178 /* RequestHandler.swift */; };
		F844BBE328D0E7B800669178 /* RequestError.swift in Sources */ = {isa = PBXBuildFile; fileRef = F844BBE228D0E7B800669178 /* RequestError.swift */; };
		F844BBE528D0EBA500669178 /* DownloadImageService.swift in Sources */ = {isa = PBXBuildFile; fileRef = F844BBE428D0EBA500669178 /* DownloadImageService.swift */; };
		F844BBE828D0EC0D00669178 /* FileManaging.swift in Sources */ = {isa = PBXBuildFile; fileRef = F844BBE728D0EC0D00669178 /* FileManaging.swift */; };
		F844BBEA28D0EC3800669178 /* ImageFileManager.swift in Sources */ = {isa = PBXBuildFile; fileRef = F844BBE928D0EC3800669178 /* ImageFileManager.swift */; };
		F844BBEC28D0EC6100669178 /* Files.swift in Sources */ = {isa = PBXBuildFile; fileRef = F844BBEB28D0EC6100669178 /* Files.swift */; };
		F844BBEF28D0EEB600669178 /* RequestHandlerTests.swift in Sources */ = {isa = PBXBuildFile; fileRef = F844BBEE28D0EEB600669178 /* RequestHandlerTests.swift */; };
		F844BBF228D0F29700669178 /* MovieModel.swift in Sources */ = {isa = PBXBuildFile; fileRef = F844BBF128D0F29700669178 /* MovieModel.swift */; };
		F844BBF428D0F2A100669178 /* MovieDetailsModel.swift in Sources */ = {isa = PBXBuildFile; fileRef = F844BBF328D0F2A100669178 /* MovieDetailsModel.swift */; };
		F844BBF628D0F2B200669178 /* MoviesResponse.swift in Sources */ = {isa = PBXBuildFile; fileRef = F844BBF528D0F2B200669178 /* MoviesResponse.swift */; };
		F844BBF828D0FE2700669178 /* DownloadImageServiceTests.swift in Sources */ = {isa = PBXBuildFile; fileRef = F844BBF728D0FE2700669178 /* DownloadImageServiceTests.swift */; };
		F844BC0228D1099300669178 /* UI.swift in Sources */ = {isa = PBXBuildFile; fileRef = F844BC0128D1099300669178 /* UI.swift */; };
		F844BC0528D10B0800669178 /* ErrorAlert.swift in Sources */ = {isa = PBXBuildFile; fileRef = F844BC0428D10B0800669178 /* ErrorAlert.swift */; };
		F844BC1828D1212F00669178 /* MoviesListViewController.swift in Sources */ = {isa = PBXBuildFile; fileRef = F844BC1728D1212F00669178 /* MoviesListViewController.swift */; };
		F844BC1A28D1215700669178 /* MoviesListPresenter.swift in Sources */ = {isa = PBXBuildFile; fileRef = F844BC1928D1215700669178 /* MoviesListPresenter.swift */; };
		F844BC1C28D1217A00669178 /* MovieCell.swift in Sources */ = {isa = PBXBuildFile; fileRef = F844BC1B28D1217A00669178 /* MovieCell.swift */; };
		F844BC1E28D121ED00669178 /* MovieCellPresenter.swift in Sources */ = {isa = PBXBuildFile; fileRef = F844BC1D28D121ED00669178 /* MovieCellPresenter.swift */; };
		F844BC2728D124CF00669178 /* MoviesListPresenterTests.swift in Sources */ = {isa = PBXBuildFile; fileRef = F844BC2628D124CF00669178 /* MoviesListPresenterTests.swift */; };
		F844BC2A28D125AE00669178 /* MockMoviesListDelegate.swift in Sources */ = {isa = PBXBuildFile; fileRef = F844BC2928D125AE00669178 /* MockMoviesListDelegate.swift */; };
		F844BC2E28D12D7C00669178 /* MovieCellPresenterTests.swift in Sources */ = {isa = PBXBuildFile; fileRef = F844BC2D28D12D7C00669178 /* MovieCellPresenterTests.swift */; };
		F844BC3028D12D9400669178 /* MockMovieCellDelegate.swift in Sources */ = {isa = PBXBuildFile; fileRef = F844BC2F28D12D9400669178 /* MockMovieCellDelegate.swift */; };
		F844BC3228D12E8900669178 /* MockMovieModel.swift in Sources */ = {isa = PBXBuildFile; fileRef = F844BC3128D12E8900669178 /* MockMovieModel.swift */; };
		F844BC3528D2358100669178 /* MovieDetailsViewController.swift in Sources */ = {isa = PBXBuildFile; fileRef = F844BC3428D2358100669178 /* MovieDetailsViewController.swift */; };
		F844BC3728D235DE00669178 /* MovieDetailsPresenter.swift in Sources */ = {isa = PBXBuildFile; fileRef = F844BC3628D235DE00669178 /* MovieDetailsPresenter.swift */; };
		F844BC3928D237AD00669178 /* Texts.swift in Sources */ = {isa = PBXBuildFile; fileRef = F844BC3828D237AD00669178 /* Texts.swift */; };
		F844BC3B28D2387300669178 /* Fonts.swift in Sources */ = {isa = PBXBuildFile; fileRef = F844BC3A28D2387300669178 /* Fonts.swift */; };
		F844BC3E28D2471500669178 /* Money.swift in Sources */ = {isa = PBXBuildFile; fileRef = F844BC3D28D2471500669178 /* Money.swift */; };
/* End PBXBuildFile section */

/* Begin PBXContainerItemProxy section */
		F844BBB128D0DF9C00669178 /* PBXContainerItemProxy */ = {
			isa = PBXContainerItemProxy;
			containerPortal = F844BB9228D0DF9B00669178 /* Project object */;
			proxyType = 1;
			remoteGlobalIDString = F844BB9928D0DF9B00669178;
			remoteInfo = MoviesApp;
		};
		F844BBBB28D0DF9C00669178 /* PBXContainerItemProxy */ = {
			isa = PBXContainerItemProxy;
			containerPortal = F844BB9228D0DF9B00669178 /* Project object */;
			proxyType = 1;
			remoteGlobalIDString = F844BB9928D0DF9B00669178;
			remoteInfo = MoviesApp;
		};
/* End PBXContainerItemProxy section */

/* Begin PBXFileReference section */
		F83D523528D49C700030B9C1 /* UIViewController.swift */ = {isa = PBXFileReference; lastKnownFileType = sourcecode.swift; path = UIViewController.swift; sourceTree = "<group>"; };
		F83D523728D4A8610030B9C1 /* Colors.swift */ = {isa = PBXFileReference; lastKnownFileType = sourcecode.swift; path = Colors.swift; sourceTree = "<group>"; };
		F83D523928D4ACC50030B9C1 /* MovieStatisticsView.swift */ = {isa = PBXFileReference; lastKnownFileType = sourcecode.swift; path = MovieStatisticsView.swift; sourceTree = "<group>"; };
		F844BB9A28D0DF9B00669178 /* MoviesApp.app */ = {isa = PBXFileReference; explicitFileType = wrapper.application; includeInIndex = 0; path = MoviesApp.app; sourceTree = BUILT_PRODUCTS_DIR; };
		F844BB9D28D0DF9B00669178 /* AppDelegate.swift */ = {isa = PBXFileReference; lastKnownFileType = sourcecode.swift; path = AppDelegate.swift; sourceTree = "<group>"; };
		F844BB9F28D0DF9B00669178 /* SceneDelegate.swift */ = {isa = PBXFileReference; lastKnownFileType = sourcecode.swift; path = SceneDelegate.swift; sourceTree = "<group>"; };
		F844BBA628D0DF9C00669178 /* Assets.xcassets */ = {isa = PBXFileReference; lastKnownFileType = folder.assetcatalog; path = Assets.xcassets; sourceTree = "<group>"; };
		F844BBA928D0DF9C00669178 /* Base */ = {isa = PBXFileReference; lastKnownFileType = file.storyboard; name = Base; path = Base.lproj/LaunchScreen.storyboard; sourceTree = "<group>"; };
		F844BBAB28D0DF9C00669178 /* Info.plist */ = {isa = PBXFileReference; lastKnownFileType = text.plist.xml; path = Info.plist; sourceTree = "<group>"; };
		F844BBB028D0DF9C00669178 /* MoviesAppTests.xctest */ = {isa = PBXFileReference; explicitFileType = wrapper.cfbundle; includeInIndex = 0; path = MoviesAppTests.xctest; sourceTree = BUILT_PRODUCTS_DIR; };
		F844BBB428D0DF9C00669178 /* MoviesAppTests.swift */ = {isa = PBXFileReference; lastKnownFileType = sourcecode.swift; path = MoviesAppTests.swift; sourceTree = "<group>"; };
		F844BBBA28D0DF9C00669178 /* MoviesAppUITests.xctest */ = {isa = PBXFileReference; explicitFileType = wrapper.cfbundle; includeInIndex = 0; path = MoviesAppUITests.xctest; sourceTree = BUILT_PRODUCTS_DIR; };
		F844BBBE28D0DF9C00669178 /* MoviesAppUITests.swift */ = {isa = PBXFileReference; lastKnownFileType = sourcecode.swift; path = MoviesAppUITests.swift; sourceTree = "<group>"; };
		F844BBC028D0DF9C00669178 /* MoviesAppUITestsLaunchTests.swift */ = {isa = PBXFileReference; lastKnownFileType = sourcecode.swift; path = MoviesAppUITestsLaunchTests.swift; sourceTree = "<group>"; };
		F844BBD928D0E49D00669178 /* APIRequest.swift */ = {isa = PBXFileReference; lastKnownFileType = sourcecode.swift; path = APIRequest.swift; sourceTree = "<group>"; };
		F844BBDC28D0E4C900669178 /* Constants.swift */ = {isa = PBXFileReference; lastKnownFileType = sourcecode.swift; path = Constants.swift; sourceTree = "<group>"; };
		F844BBDE28D0E4E100669178 /* APIs.swift */ = {isa = PBXFileReference; lastKnownFileType = sourcecode.swift; path = APIs.swift; sourceTree = "<group>"; };
		F844BBE028D0E74E00669178 /* RequestHandler.swift */ = {isa = PBXFileReference; lastKnownFileType = sourcecode.swift; path = RequestHandler.swift; sourceTree = "<group>"; };
		F844BBE228D0E7B800669178 /* RequestError.swift */ = {isa = PBXFileReference; lastKnownFileType = sourcecode.swift; path = RequestError.swift; sourceTree = "<group>"; };
		F844BBE428D0EBA500669178 /* DownloadImageService.swift */ = {isa = PBXFileReference; lastKnownFileType = sourcecode.swift; path = DownloadImageService.swift; sourceTree = "<group>"; };
		F844BBE728D0EC0D00669178 /* FileManaging.swift */ = {isa = PBXFileReference; lastKnownFileType = sourcecode.swift; path = FileManaging.swift; sourceTree = "<group>"; };
		F844BBE928D0EC3800669178 /* ImageFileManager.swift */ = {isa = PBXFileReference; lastKnownFileType = sourcecode.swift; path = ImageFileManager.swift; sourceTree = "<group>"; };
		F844BBEB28D0EC6100669178 /* Files.swift */ = {isa = PBXFileReference; lastKnownFileType = sourcecode.swift; path = Files.swift; sourceTree = "<group>"; };
		F844BBEE28D0EEB600669178 /* RequestHandlerTests.swift */ = {isa = PBXFileReference; lastKnownFileType = sourcecode.swift; path = RequestHandlerTests.swift; sourceTree = "<group>"; };
		F844BBF128D0F29700669178 /* MovieModel.swift */ = {isa = PBXFileReference; lastKnownFileType = sourcecode.swift; path = MovieModel.swift; sourceTree = "<group>"; };
		F844BBF328D0F2A100669178 /* MovieDetailsModel.swift */ = {isa = PBXFileReference; lastKnownFileType = sourcecode.swift; path = MovieDetailsModel.swift; sourceTree = "<group>"; };
		F844BBF528D0F2B200669178 /* MoviesResponse.swift */ = {isa = PBXFileReference; lastKnownFileType = sourcecode.swift; path = MoviesResponse.swift; sourceTree = "<group>"; };
		F844BBF728D0FE2700669178 /* DownloadImageServiceTests.swift */ = {isa = PBXFileReference; lastKnownFileType = sourcecode.swift; path = DownloadImageServiceTests.swift; sourceTree = "<group>"; };
		F844BC0128D1099300669178 /* UI.swift */ = {isa = PBXFileReference; lastKnownFileType = sourcecode.swift; path = UI.swift; sourceTree = "<group>"; };
		F844BC0428D10B0800669178 /* ErrorAlert.swift */ = {isa = PBXFileReference; lastKnownFileType = sourcecode.swift; path = ErrorAlert.swift; sourceTree = "<group>"; };
		F844BC1728D1212F00669178 /* MoviesListViewController.swift */ = {isa = PBXFileReference; lastKnownFileType = sourcecode.swift; path = MoviesListViewController.swift; sourceTree = "<group>"; };
		F844BC1928D1215700669178 /* MoviesListPresenter.swift */ = {isa = PBXFileReference; lastKnownFileType = sourcecode.swift; path = MoviesListPresenter.swift; sourceTree = "<group>"; };
		F844BC1B28D1217A00669178 /* MovieCell.swift */ = {isa = PBXFileReference; lastKnownFileType = sourcecode.swift; path = MovieCell.swift; sourceTree = "<group>"; };
		F844BC1D28D121ED00669178 /* MovieCellPresenter.swift */ = {isa = PBXFileReference; lastKnownFileType = sourcecode.swift; path = MovieCellPresenter.swift; sourceTree = "<group>"; };
		F844BC2628D124CF00669178 /* MoviesListPresenterTests.swift */ = {isa = PBXFileReference; lastKnownFileType = sourcecode.swift; path = MoviesListPresenterTests.swift; sourceTree = "<group>"; };
		F844BC2928D125AE00669178 /* MockMoviesListDelegate.swift */ = {isa = PBXFileReference; lastKnownFileType = sourcecode.swift; path = MockMoviesListDelegate.swift; sourceTree = "<group>"; };
		F844BC2D28D12D7C00669178 /* MovieCellPresenterTests.swift */ = {isa = PBXFileReference; lastKnownFileType = sourcecode.swift; path = MovieCellPresenterTests.swift; sourceTree = "<group>"; };
		F844BC2F28D12D9400669178 /* MockMovieCellDelegate.swift */ = {isa = PBXFileReference; lastKnownFileType = sourcecode.swift; path = MockMovieCellDelegate.swift; sourceTree = "<group>"; };
		F844BC3128D12E8900669178 /* MockMovieModel.swift */ = {isa = PBXFileReference; lastKnownFileType = sourcecode.swift; path = MockMovieModel.swift; sourceTree = "<group>"; };
		F844BC3428D2358100669178 /* MovieDetailsViewController.swift */ = {isa = PBXFileReference; lastKnownFileType = sourcecode.swift; path = MovieDetailsViewController.swift; sourceTree = "<group>"; };
		F844BC3628D235DE00669178 /* MovieDetailsPresenter.swift */ = {isa = PBXFileReference; lastKnownFileType = sourcecode.swift; path = MovieDetailsPresenter.swift; sourceTree = "<group>"; };
		F844BC3828D237AD00669178 /* Texts.swift */ = {isa = PBXFileReference; lastKnownFileType = sourcecode.swift; path = Texts.swift; sourceTree = "<group>"; };
		F844BC3A28D2387300669178 /* Fonts.swift */ = {isa = PBXFileReference; lastKnownFileType = sourcecode.swift; path = Fonts.swift; sourceTree = "<group>"; };
		F844BC3D28D2471500669178 /* Money.swift */ = {isa = PBXFileReference; lastKnownFileType = sourcecode.swift; path = Money.swift; sourceTree = "<group>"; };
/* End PBXFileReference section */

/* Begin PBXFrameworksBuildPhase section */
		F844BB9728D0DF9B00669178 /* Frameworks */ = {
			isa = PBXFrameworksBuildPhase;
			buildActionMask = 2147483647;
			files = (
			);
			runOnlyForDeploymentPostprocessing = 0;
		};
		F844BBAD28D0DF9C00669178 /* Frameworks */ = {
			isa = PBXFrameworksBuildPhase;
			buildActionMask = 2147483647;
			files = (
			);
			runOnlyForDeploymentPostprocessing = 0;
		};
		F844BBB728D0DF9C00669178 /* Frameworks */ = {
			isa = PBXFrameworksBuildPhase;
			buildActionMask = 2147483647;
			files = (
			);
			runOnlyForDeploymentPostprocessing = 0;
		};
/* End PBXFrameworksBuildPhase section */

/* Begin PBXGroup section */
		F844BB9128D0DF9B00669178 = {
			isa = PBXGroup;
			children = (
				F844BB9C28D0DF9B00669178 /* MoviesApp */,
				F844BBB328D0DF9C00669178 /* MoviesAppTests */,
				F844BBBD28D0DF9C00669178 /* MoviesAppUITests */,
				F844BB9B28D0DF9B00669178 /* Products */,
			);
			sourceTree = "<group>";
		};
		F844BB9B28D0DF9B00669178 /* Products */ = {
			isa = PBXGroup;
			children = (
				F844BB9A28D0DF9B00669178 /* MoviesApp.app */,
				F844BBB028D0DF9C00669178 /* MoviesAppTests.xctest */,
				F844BBBA28D0DF9C00669178 /* MoviesAppUITests.xctest */,
			);
			name = Products;
			sourceTree = "<group>";
		};
		F844BB9C28D0DF9B00669178 /* MoviesApp */ = {
			isa = PBXGroup;
			children = (
				F844BC3328D2356900669178 /* MovieDetails */,
				F844BC1F28D1226D00669178 /* MoviesList */,
				F844BC0328D10AFA00669178 /* Common UI */,
				F844BBF028D0F28500669178 /* Models */,
				F844BBD828D0E47900669178 /* Network */,
				F844BBE628D0EBDF00669178 /* FileManagers */,
				F844BBDB28D0E4B700669178 /* Constants */,
				F844BC3C28D246E100669178 /* Extensions */,
				F844BC2328D1236800669178 /* Utilities */,
				F844BC2428D1238300669178 /* Assets */,
				F844BBAB28D0DF9C00669178 /* Info.plist */,
			);
			path = MoviesApp;
			sourceTree = "<group>";
		};
		F844BBB328D0DF9C00669178 /* MoviesAppTests */ = {
			isa = PBXGroup;
			children = (
				F844BC2528D1249E00669178 /* MoviesList */,
				F844BBED28D0EE9D00669178 /* Network */,
				F844BC2828D1257500669178 /* Mocks */,
				F844BBB428D0DF9C00669178 /* MoviesAppTests.swift */,
			);
			path = MoviesAppTests;
			sourceTree = "<group>";
		};
		F844BBBD28D0DF9C00669178 /* MoviesAppUITests */ = {
			isa = PBXGroup;
			children = (
				F844BBBE28D0DF9C00669178 /* MoviesAppUITests.swift */,
				F844BBC028D0DF9C00669178 /* MoviesAppUITestsLaunchTests.swift */,
			);
			path = MoviesAppUITests;
			sourceTree = "<group>";
		};
		F844BBD828D0E47900669178 /* Network */ = {
			isa = PBXGroup;
			children = (
				F844BBE428D0EBA500669178 /* DownloadImageService.swift */,
				F844BBD928D0E49D00669178 /* APIRequest.swift */,
				F844BBE028D0E74E00669178 /* RequestHandler.swift */,
				F844BBE228D0E7B800669178 /* RequestError.swift */,
			);
			path = Network;
			sourceTree = "<group>";
		};
		F844BBDB28D0E4B700669178 /* Constants */ = {
			isa = PBXGroup;
			children = (
				F844BBDC28D0E4C900669178 /* Constants.swift */,
				F844BBDE28D0E4E100669178 /* APIs.swift */,
				F844BBEB28D0EC6100669178 /* Files.swift */,
				F844BC0128D1099300669178 /* UI.swift */,
				F844BC3828D237AD00669178 /* Texts.swift */,
				F844BC3A28D2387300669178 /* Fonts.swift */,
				F83D523728D4A8610030B9C1 /* Colors.swift */,
			);
			path = Constants;
			sourceTree = "<group>";
		};
		F844BBE628D0EBDF00669178 /* FileManagers */ = {
			isa = PBXGroup;
			children = (
				F844BBE728D0EC0D00669178 /* FileManaging.swift */,
				F844BBE928D0EC3800669178 /* ImageFileManager.swift */,
			);
			path = FileManagers;
			sourceTree = "<group>";
		};
		F844BBED28D0EE9D00669178 /* Network */ = {
			isa = PBXGroup;
			children = (
				F844BBEE28D0EEB600669178 /* RequestHandlerTests.swift */,
				F844BBF728D0FE2700669178 /* DownloadImageServiceTests.swift */,
			);
			path = Network;
			sourceTree = "<group>";
		};
		F844BBF028D0F28500669178 /* Models */ = {
			isa = PBXGroup;
			children = (
				F844BBF528D0F2B200669178 /* MoviesResponse.swift */,
				F844BBF128D0F29700669178 /* MovieModel.swift */,
				F844BBF328D0F2A100669178 /* MovieDetailsModel.swift */,
			);
			path = Models;
			sourceTree = "<group>";
		};
		F844BC0328D10AFA00669178 /* Common UI */ = {
			isa = PBXGroup;
			children = (
				F844BC0428D10B0800669178 /* ErrorAlert.swift */,
			);
			path = "Common UI";
			sourceTree = "<group>";
		};
		F844BC1F28D1226D00669178 /* MoviesList */ = {
			isa = PBXGroup;
			children = (
				F844BC2028D1228E00669178 /* List */,
				F844BC2128D1229B00669178 /* Cell */,
			);
			path = MoviesList;
			sourceTree = "<group>";
		};
		F844BC2028D1228E00669178 /* List */ = {
			isa = PBXGroup;
			children = (
				F844BC1728D1212F00669178 /* MoviesListViewController.swift */,
				F844BC1928D1215700669178 /* MoviesListPresenter.swift */,
			);
			path = List;
			sourceTree = "<group>";
		};
		F844BC2128D1229B00669178 /* Cell */ = {
			isa = PBXGroup;
			children = (
				F844BC1B28D1217A00669178 /* MovieCell.swift */,
				F844BC1D28D121ED00669178 /* MovieCellPresenter.swift */,
			);
			path = Cell;
			sourceTree = "<group>";
		};
		F844BC2328D1236800669178 /* Utilities */ = {
			isa = PBXGroup;
			children = (
				F844BB9D28D0DF9B00669178 /* AppDelegate.swift */,
				F844BB9F28D0DF9B00669178 /* SceneDelegate.swift */,
			);
			path = Utilities;
			sourceTree = "<group>";
		};
		F844BC2428D1238300669178 /* Assets */ = {
			isa = PBXGroup;
			children = (
				F844BBA628D0DF9C00669178 /* Assets.xcassets */,
				F844BBA828D0DF9C00669178 /* LaunchScreen.storyboard */,
			);
			path = Assets;
			sourceTree = "<group>";
		};
		F844BC2528D1249E00669178 /* MoviesList */ = {
			isa = PBXGroup;
			children = (
				F844BC2628D124CF00669178 /* MoviesListPresenterTests.swift */,
				F844BC2D28D12D7C00669178 /* MovieCellPresenterTests.swift */,
			);
			path = MoviesList;
			sourceTree = "<group>";
		};
		F844BC2828D1257500669178 /* Mocks */ = {
			isa = PBXGroup;
			children = (
				F844BC2928D125AE00669178 /* MockMoviesListDelegate.swift */,
				F844BC2F28D12D9400669178 /* MockMovieCellDelegate.swift */,
				F844BC3128D12E8900669178 /* MockMovieModel.swift */,
			);
			path = Mocks;
			sourceTree = "<group>";
		};
		F844BC3328D2356900669178 /* MovieDetails */ = {
			isa = PBXGroup;
			children = (
				F844BC3428D2358100669178 /* MovieDetailsViewController.swift */,
				F844BC3628D235DE00669178 /* MovieDetailsPresenter.swift */,
				F83D523928D4ACC50030B9C1 /* MovieStatisticsView.swift */,
			);
			path = MovieDetails;
			sourceTree = "<group>";
		};
		F844BC3C28D246E100669178 /* Extensions */ = {
			isa = PBXGroup;
			children = (
				F844BC3D28D2471500669178 /* Money.swift */,
				F83D523528D49C700030B9C1 /* UIViewController.swift */,
			);
			path = Extensions;
			sourceTree = "<group>";
		};
/* End PBXGroup section */

/* Begin PBXNativeTarget section */
		F844BB9928D0DF9B00669178 /* MoviesApp */ = {
			isa = PBXNativeTarget;
			buildConfigurationList = F844BBC428D0DF9C00669178 /* Build configuration list for PBXNativeTarget "MoviesApp" */;
			buildPhases = (
				F844BB9628D0DF9B00669178 /* Sources */,
				F844BB9728D0DF9B00669178 /* Frameworks */,
				F844BB9828D0DF9B00669178 /* Resources */,
			);
			buildRules = (
			);
			dependencies = (
			);
			name = MoviesApp;
			productName = MoviesApp;
			productReference = F844BB9A28D0DF9B00669178 /* MoviesApp.app */;
			productType = "com.apple.product-type.application";
		};
		F844BBAF28D0DF9C00669178 /* MoviesAppTests */ = {
			isa = PBXNativeTarget;
			buildConfigurationList = F844BBC728D0DF9C00669178 /* Build configuration list for PBXNativeTarget "MoviesAppTests" */;
			buildPhases = (
				F844BBAC28D0DF9C00669178 /* Sources */,
				F844BBAD28D0DF9C00669178 /* Frameworks */,
				F844BBAE28D0DF9C00669178 /* Resources */,
			);
			buildRules = (
			);
			dependencies = (
				F844BBB228D0DF9C00669178 /* PBXTargetDependency */,
			);
			name = MoviesAppTests;
			productName = MoviesAppTests;
			productReference = F844BBB028D0DF9C00669178 /* MoviesAppTests.xctest */;
			productType = "com.apple.product-type.bundle.unit-test";
		};
		F844BBB928D0DF9C00669178 /* MoviesAppUITests */ = {
			isa = PBXNativeTarget;
			buildConfigurationList = F844BBCA28D0DF9C00669178 /* Build configuration list for PBXNativeTarget "MoviesAppUITests" */;
			buildPhases = (
				F844BBB628D0DF9C00669178 /* Sources */,
				F844BBB728D0DF9C00669178 /* Frameworks */,
				F844BBB828D0DF9C00669178 /* Resources */,
			);
			buildRules = (
			);
			dependencies = (
				F844BBBC28D0DF9C00669178 /* PBXTargetDependency */,
			);
			name = MoviesAppUITests;
			productName = MoviesAppUITests;
			productReference = F844BBBA28D0DF9C00669178 /* MoviesAppUITests.xctest */;
			productType = "com.apple.product-type.bundle.ui-testing";
		};
/* End PBXNativeTarget section */

/* Begin PBXProject section */
		F844BB9228D0DF9B00669178 /* Project object */ = {
			isa = PBXProject;
			attributes = {
				BuildIndependentTargetsInParallel = 1;
				LastSwiftUpdateCheck = 1330;
				LastUpgradeCheck = 1330;
				TargetAttributes = {
					F844BB9928D0DF9B00669178 = {
						CreatedOnToolsVersion = 13.3.1;
					};
					F844BBAF28D0DF9C00669178 = {
						CreatedOnToolsVersion = 13.3.1;
						TestTargetID = F844BB9928D0DF9B00669178;
					};
					F844BBB928D0DF9C00669178 = {
						CreatedOnToolsVersion = 13.3.1;
						TestTargetID = F844BB9928D0DF9B00669178;
					};
				};
			};
			buildConfigurationList = F844BB9528D0DF9B00669178 /* Build configuration list for PBXProject "MoviesApp" */;
			compatibilityVersion = "Xcode 13.0";
			developmentRegion = en;
			hasScannedForEncodings = 0;
			knownRegions = (
				en,
				Base,
			);
			mainGroup = F844BB9128D0DF9B00669178;
			productRefGroup = F844BB9B28D0DF9B00669178 /* Products */;
			projectDirPath = "";
			projectRoot = "";
			targets = (
				F844BB9928D0DF9B00669178 /* MoviesApp */,
				F844BBAF28D0DF9C00669178 /* MoviesAppTests */,
				F844BBB928D0DF9C00669178 /* MoviesAppUITests */,
			);
		};
/* End PBXProject section */

/* Begin PBXResourcesBuildPhase section */
		F844BB9828D0DF9B00669178 /* Resources */ = {
			isa = PBXResourcesBuildPhase;
			buildActionMask = 2147483647;
			files = (
				F844BBAA28D0DF9C00669178 /* LaunchScreen.storyboard in Resources */,
				F844BBA728D0DF9C00669178 /* Assets.xcassets in Resources */,
			);
			runOnlyForDeploymentPostprocessing = 0;
		};
		F844BBAE28D0DF9C00669178 /* Resources */ = {
			isa = PBXResourcesBuildPhase;
			buildActionMask = 2147483647;
			files = (
			);
			runOnlyForDeploymentPostprocessing = 0;
		};
		F844BBB828D0DF9C00669178 /* Resources */ = {
			isa = PBXResourcesBuildPhase;
			buildActionMask = 2147483647;
			files = (
			);
			runOnlyForDeploymentPostprocessing = 0;
		};
/* End PBXResourcesBuildPhase section */

/* Begin PBXSourcesBuildPhase section */
		F844BB9628D0DF9B00669178 /* Sources */ = {
			isa = PBXSourcesBuildPhase;
			buildActionMask = 2147483647;
			files = (
				F844BBF228D0F29700669178 /* MovieModel.swift in Sources */,
				F844BBF628D0F2B200669178 /* MoviesResponse.swift in Sources */,
				F83D523628D49C700030B9C1 /* UIViewController.swift in Sources */,
				F844BBDF28D0E4E100669178 /* APIs.swift in Sources */,
				F844BB9E28D0DF9B00669178 /* AppDelegate.swift in Sources */,
				F844BBDA28D0E49D00669178 /* APIRequest.swift in Sources */,
				F844BC3B28D2387300669178 /* Fonts.swift in Sources */,
				F844BC3928D237AD00669178 /* Texts.swift in Sources */,
				F844BC1A28D1215700669178 /* MoviesListPresenter.swift in Sources */,
				F844BBF428D0F2A100669178 /* MovieDetailsModel.swift in Sources */,
				F844BBA028D0DF9B00669178 /* SceneDelegate.swift in Sources */,
				F844BBE128D0E74E00669178 /* RequestHandler.swift in Sources */,
				F844BBEA28D0EC3800669178 /* ImageFileManager.swift in Sources */,
				F844BC0528D10B0800669178 /* ErrorAlert.swift in Sources */,
				F844BC1E28D121ED00669178 /* MovieCellPresenter.swift in Sources */,
				F844BC0228D1099300669178 /* UI.swift in Sources */,
				F83D523828D4A8610030B9C1 /* Colors.swift in Sources */,
				F844BC3E28D2471500669178 /* Money.swift in Sources */,
				F844BBE528D0EBA500669178 /* DownloadImageService.swift in Sources */,
				F844BC1828D1212F00669178 /* MoviesListViewController.swift in Sources */,
				F844BC3528D2358100669178 /* MovieDetailsViewController.swift in Sources */,
				F83D523A28D4ACC50030B9C1 /* MovieStatisticsView.swift in Sources */,
				F844BBDD28D0E4C900669178 /* Constants.swift in Sources */,
				F844BBEC28D0EC6100669178 /* Files.swift in Sources */,
				F844BC3728D235DE00669178 /* MovieDetailsPresenter.swift in Sources */,
				F844BBE328D0E7B800669178 /* RequestError.swift in Sources */,
				F844BBE828D0EC0D00669178 /* FileManaging.swift in Sources */,
				F844BC1C28D1217A00669178 /* MovieCell.swift in Sources */,
			);
			runOnlyForDeploymentPostprocessing = 0;
		};
		F844BBAC28D0DF9C00669178 /* Sources */ = {
			isa = PBXSourcesBuildPhase;
			buildActionMask = 2147483647;
			files = (
				F844BC2A28D125AE00669178 /* MockMoviesListDelegate.swift in Sources */,
				F844BC3028D12D9400669178 /* MockMovieCellDelegate.swift in Sources */,
				F844BC3228D12E8900669178 /* MockMovieModel.swift in Sources */,
				F844BC2E28D12D7C00669178 /* MovieCellPresenterTests.swift in Sources */,
				F844BBEF28D0EEB600669178 /* RequestHandlerTests.swift in Sources */,
				F844BBB528D0DF9C00669178 /* MoviesAppTests.swift in Sources */,
				F844BBF828D0FE2700669178 /* DownloadImageServiceTests.swift in Sources */,
				F844BC2728D124CF00669178 /* MoviesListPresenterTests.swift in Sources */,
			);
			runOnlyForDeploymentPostprocessing = 0;
		};
		F844BBB628D0DF9C00669178 /* Sources */ = {
			isa = PBXSourcesBuildPhase;
			buildActionMask = 2147483647;
			files = (
				F844BBBF28D0DF9C00669178 /* MoviesAppUITests.swift in Sources */,
				F844BBC128D0DF9C00669178 /* MoviesAppUITestsLaunchTests.swift in Sources */,
			);
			runOnlyForDeploymentPostprocessing = 0;
		};
/* End PBXSourcesBuildPhase section */

/* Begin PBXTargetDependency section */
		F844BBB228D0DF9C00669178 /* PBXTargetDependency */ = {
			isa = PBXTargetDependency;
			target = F844BB9928D0DF9B00669178 /* MoviesApp */;
			targetProxy = F844BBB128D0DF9C00669178 /* PBXContainerItemProxy */;
		};
		F844BBBC28D0DF9C00669178 /* PBXTargetDependency */ = {
			isa = PBXTargetDependency;
			target = F844BB9928D0DF9B00669178 /* MoviesApp */;
			targetProxy = F844BBBB28D0DF9C00669178 /* PBXContainerItemProxy */;
		};
/* End PBXTargetDependency section */

/* Begin PBXVariantGroup section */
		F844BBA828D0DF9C00669178 /* LaunchScreen.storyboard */ = {
			isa = PBXVariantGroup;
			children = (
				F844BBA928D0DF9C00669178 /* Base */,
			);
			name = LaunchScreen.storyboard;
			sourceTree = "<group>";
		};
/* End PBXVariantGroup section */

/* Begin XCBuildConfiguration section */
		F844BBC228D0DF9C00669178 /* Debug */ = {
			isa = XCBuildConfiguration;
			buildSettings = {
				ALWAYS_SEARCH_USER_PATHS = NO;
				CLANG_ANALYZER_NONNULL = YES;
				CLANG_ANALYZER_NUMBER_OBJECT_CONVERSION = YES_AGGRESSIVE;
				CLANG_CXX_LANGUAGE_STANDARD = "gnu++17";
				CLANG_ENABLE_MODULES = YES;
				CLANG_ENABLE_OBJC_ARC = YES;
				CLANG_ENABLE_OBJC_WEAK = YES;
				CLANG_WARN_BLOCK_CAPTURE_AUTORELEASING = YES;
				CLANG_WARN_BOOL_CONVERSION = YES;
				CLANG_WARN_COMMA = YES;
				CLANG_WARN_CONSTANT_CONVERSION = YES;
				CLANG_WARN_DEPRECATED_OBJC_IMPLEMENTATIONS = YES;
				CLANG_WARN_DIRECT_OBJC_ISA_USAGE = YES_ERROR;
				CLANG_WARN_DOCUMENTATION_COMMENTS = YES;
				CLANG_WARN_EMPTY_BODY = YES;
				CLANG_WARN_ENUM_CONVERSION = YES;
				CLANG_WARN_INFINITE_RECURSION = YES;
				CLANG_WARN_INT_CONVERSION = YES;
				CLANG_WARN_NON_LITERAL_NULL_CONVERSION = YES;
				CLANG_WARN_OBJC_IMPLICIT_RETAIN_SELF = YES;
				CLANG_WARN_OBJC_LITERAL_CONVERSION = YES;
				CLANG_WARN_OBJC_ROOT_CLASS = YES_ERROR;
				CLANG_WARN_QUOTED_INCLUDE_IN_FRAMEWORK_HEADER = YES;
				CLANG_WARN_RANGE_LOOP_ANALYSIS = YES;
				CLANG_WARN_STRICT_PROTOTYPES = YES;
				CLANG_WARN_SUSPICIOUS_MOVE = YES;
				CLANG_WARN_UNGUARDED_AVAILABILITY = YES_AGGRESSIVE;
				CLANG_WARN_UNREACHABLE_CODE = YES;
				CLANG_WARN__DUPLICATE_METHOD_MATCH = YES;
				COPY_PHASE_STRIP = NO;
				DEBUG_INFORMATION_FORMAT = dwarf;
				ENABLE_STRICT_OBJC_MSGSEND = YES;
				ENABLE_TESTABILITY = YES;
				GCC_C_LANGUAGE_STANDARD = gnu11;
				GCC_DYNAMIC_NO_PIC = NO;
				GCC_NO_COMMON_BLOCKS = YES;
				GCC_OPTIMIZATION_LEVEL = 0;
				GCC_PREPROCESSOR_DEFINITIONS = (
					"DEBUG=1",
					"$(inherited)",
				);
				GCC_WARN_64_TO_32_BIT_CONVERSION = YES;
				GCC_WARN_ABOUT_RETURN_TYPE = YES_ERROR;
				GCC_WARN_UNDECLARED_SELECTOR = YES;
				GCC_WARN_UNINITIALIZED_AUTOS = YES_AGGRESSIVE;
				GCC_WARN_UNUSED_FUNCTION = YES;
				GCC_WARN_UNUSED_VARIABLE = YES;
				IPHONEOS_DEPLOYMENT_TARGET = 15.4;
				MTL_ENABLE_DEBUG_INFO = INCLUDE_SOURCE;
				MTL_FAST_MATH = YES;
				ONLY_ACTIVE_ARCH = YES;
				SDKROOT = iphoneos;
				SWIFT_ACTIVE_COMPILATION_CONDITIONS = DEBUG;
				SWIFT_OPTIMIZATION_LEVEL = "-Onone";
			};
			name = Debug;
		};
		F844BBC328D0DF9C00669178 /* Release */ = {
			isa = XCBuildConfiguration;
			buildSettings = {
				ALWAYS_SEARCH_USER_PATHS = NO;
				CLANG_ANALYZER_NONNULL = YES;
				CLANG_ANALYZER_NUMBER_OBJECT_CONVERSION = YES_AGGRESSIVE;
				CLANG_CXX_LANGUAGE_STANDARD = "gnu++17";
				CLANG_ENABLE_MODULES = YES;
				CLANG_ENABLE_OBJC_ARC = YES;
				CLANG_ENABLE_OBJC_WEAK = YES;
				CLANG_WARN_BLOCK_CAPTURE_AUTORELEASING = YES;
				CLANG_WARN_BOOL_CONVERSION = YES;
				CLANG_WARN_COMMA = YES;
				CLANG_WARN_CONSTANT_CONVERSION = YES;
				CLANG_WARN_DEPRECATED_OBJC_IMPLEMENTATIONS = YES;
				CLANG_WARN_DIRECT_OBJC_ISA_USAGE = YES_ERROR;
				CLANG_WARN_DOCUMENTATION_COMMENTS = YES;
				CLANG_WARN_EMPTY_BODY = YES;
				CLANG_WARN_ENUM_CONVERSION = YES;
				CLANG_WARN_INFINITE_RECURSION = YES;
				CLANG_WARN_INT_CONVERSION = YES;
				CLANG_WARN_NON_LITERAL_NULL_CONVERSION = YES;
				CLANG_WARN_OBJC_IMPLICIT_RETAIN_SELF = YES;
				CLANG_WARN_OBJC_LITERAL_CONVERSION = YES;
				CLANG_WARN_OBJC_ROOT_CLASS = YES_ERROR;
				CLANG_WARN_QUOTED_INCLUDE_IN_FRAMEWORK_HEADER = YES;
				CLANG_WARN_RANGE_LOOP_ANALYSIS = YES;
				CLANG_WARN_STRICT_PROTOTYPES = YES;
				CLANG_WARN_SUSPICIOUS_MOVE = YES;
				CLANG_WARN_UNGUARDED_AVAILABILITY = YES_AGGRESSIVE;
				CLANG_WARN_UNREACHABLE_CODE = YES;
				CLANG_WARN__DUPLICATE_METHOD_MATCH = YES;
				COPY_PHASE_STRIP = NO;
				DEBUG_INFORMATION_FORMAT = "dwarf-with-dsym";
				ENABLE_NS_ASSERTIONS = NO;
				ENABLE_STRICT_OBJC_MSGSEND = YES;
				GCC_C_LANGUAGE_STANDARD = gnu11;
				GCC_NO_COMMON_BLOCKS = YES;
				GCC_WARN_64_TO_32_BIT_CONVERSION = YES;
				GCC_WARN_ABOUT_RETURN_TYPE = YES_ERROR;
				GCC_WARN_UNDECLARED_SELECTOR = YES;
				GCC_WARN_UNINITIALIZED_AUTOS = YES_AGGRESSIVE;
				GCC_WARN_UNUSED_FUNCTION = YES;
				GCC_WARN_UNUSED_VARIABLE = YES;
				IPHONEOS_DEPLOYMENT_TARGET = 15.4;
				MTL_ENABLE_DEBUG_INFO = NO;
				MTL_FAST_MATH = YES;
				SDKROOT = iphoneos;
				SWIFT_COMPILATION_MODE = wholemodule;
				SWIFT_OPTIMIZATION_LEVEL = "-O";
				VALIDATE_PRODUCT = YES;
			};
			name = Release;
		};
		F844BBC528D0DF9C00669178 /* Debug */ = {
			isa = XCBuildConfiguration;
			buildSettings = {
				ASSETCATALOG_COMPILER_APPICON_NAME = AppIcon;
				ASSETCATALOG_COMPILER_GLOBAL_ACCENT_COLOR_NAME = AccentColor;
				CODE_SIGN_STYLE = Automatic;
				CURRENT_PROJECT_VERSION = 1;
				DEVELOPMENT_TEAM = F6WH3S8GMZ;
				GENERATE_INFOPLIST_FILE = YES;
				INFOPLIST_FILE = MoviesApp/Info.plist;
				INFOPLIST_KEY_UIApplicationSupportsIndirectInputEvents = YES;
				INFOPLIST_KEY_UILaunchStoryboardName = LaunchScreen;
				INFOPLIST_KEY_UISupportedInterfaceOrientations_iPad = "UIInterfaceOrientationPortrait UIInterfaceOrientationPortraitUpsideDown UIInterfaceOrientationLandscapeLeft UIInterfaceOrientationLandscapeRight";
				INFOPLIST_KEY_UISupportedInterfaceOrientations_iPhone = "UIInterfaceOrientationPortrait UIInterfaceOrientationLandscapeLeft UIInterfaceOrientationLandscapeRight";
				IPHONEOS_DEPLOYMENT_TARGET = 15.0;
				LD_RUNPATH_SEARCH_PATHS = (
					"$(inherited)",
					"@executable_path/Frameworks",
				);
				MARKETING_VERSION = 1.0;
				PRODUCT_BUNDLE_IDENTIFIER = co.MarinaRiad.MoviesApp;
				PRODUCT_NAME = "$(TARGET_NAME)";
				SWIFT_EMIT_LOC_STRINGS = YES;
				SWIFT_VERSION = 5.0;
				TARGETED_DEVICE_FAMILY = "1,2";
			};
			name = Debug;
		};
		F844BBC628D0DF9C00669178 /* Release */ = {
			isa = XCBuildConfiguration;
			buildSettings = {
				ASSETCATALOG_COMPILER_APPICON_NAME = AppIcon;
				ASSETCATALOG_COMPILER_GLOBAL_ACCENT_COLOR_NAME = AccentColor;
				CODE_SIGN_STYLE = Automatic;
				CURRENT_PROJECT_VERSION = 1;
				DEVELOPMENT_TEAM = F6WH3S8GMZ;
				GENERATE_INFOPLIST_FILE = YES;
				INFOPLIST_FILE = MoviesApp/Info.plist;
				INFOPLIST_KEY_UIApplicationSupportsIndirectInputEvents = YES;
				INFOPLIST_KEY_UILaunchStoryboardName = LaunchScreen;
				INFOPLIST_KEY_UISupportedInterfaceOrientations_iPad = "UIInterfaceOrientationPortrait UIInterfaceOrientationPortraitUpsideDown UIInterfaceOrientationLandscapeLeft UIInterfaceOrientationLandscapeRight";
				INFOPLIST_KEY_UISupportedInterfaceOrientations_iPhone = "UIInterfaceOrientationPortrait UIInterfaceOrientationLandscapeLeft UIInterfaceOrientationLandscapeRight";
				IPHONEOS_DEPLOYMENT_TARGET = 15.0;
				LD_RUNPATH_SEARCH_PATHS = (
					"$(inherited)",
					"@executable_path/Frameworks",
				);
				MARKETING_VERSION = 1.0;
				PRODUCT_BUNDLE_IDENTIFIER = co.MarinaRiad.MoviesApp;
				PRODUCT_NAME = "$(TARGET_NAME)";
				SWIFT_EMIT_LOC_STRINGS = YES;
				SWIFT_VERSION = 5.0;
				TARGETED_DEVICE_FAMILY = "1,2";
			};
			name = Release;
		};
		F844BBC828D0DF9C00669178 /* Debug */ = {
			isa = XCBuildConfiguration;
			buildSettings = {
				ALWAYS_EMBED_SWIFT_STANDARD_LIBRARIES = YES;
				BUNDLE_LOADER = "$(TEST_HOST)";
				CODE_SIGN_STYLE = Automatic;
				CURRENT_PROJECT_VERSION = 1;
				DEVELOPMENT_TEAM = F6WH3S8GMZ;
				GENERATE_INFOPLIST_FILE = YES;
				IPHONEOS_DEPLOYMENT_TARGET = 15.4;
				MARKETING_VERSION = 1.0;
				PRODUCT_BUNDLE_IDENTIFIER = co.MarinaRiad.MoviesAppTests;
				PRODUCT_NAME = "$(TARGET_NAME)";
				SWIFT_EMIT_LOC_STRINGS = NO;
				SWIFT_VERSION = 5.0;
				TARGETED_DEVICE_FAMILY = "1,2";
				TEST_HOST = "$(BUILT_PRODUCTS_DIR)/MoviesApp.app/MoviesApp";
			};
			name = Debug;
		};
		F844BBC928D0DF9C00669178 /* Release */ = {
			isa = XCBuildConfiguration;
			buildSettings = {
				ALWAYS_EMBED_SWIFT_STANDARD_LIBRARIES = YES;
				BUNDLE_LOADER = "$(TEST_HOST)";
				CODE_SIGN_STYLE = Automatic;
				CURRENT_PROJECT_VERSION = 1;
				DEVELOPMENT_TEAM = F6WH3S8GMZ;
				GENERATE_INFOPLIST_FILE = YES;
				IPHONEOS_DEPLOYMENT_TARGET = 15.4;
				MARKETING_VERSION = 1.0;
				PRODUCT_BUNDLE_IDENTIFIER = co.MarinaRiad.MoviesAppTests;
				PRODUCT_NAME = "$(TARGET_NAME)";
				SWIFT_EMIT_LOC_STRINGS = NO;
				SWIFT_VERSION = 5.0;
				TARGETED_DEVICE_FAMILY = "1,2";
				TEST_HOST = "$(BUILT_PRODUCTS_DIR)/MoviesApp.app/MoviesApp";
			};
			name = Release;
		};
		F844BBCB28D0DF9C00669178 /* Debug */ = {
			isa = XCBuildConfiguration;
			buildSettings = {
				ALWAYS_EMBED_SWIFT_STANDARD_LIBRARIES = YES;
				CODE_SIGN_STYLE = Automatic;
				CURRENT_PROJECT_VERSION = 1;
				DEVELOPMENT_TEAM = F6WH3S8GMZ;
				GENERATE_INFOPLIST_FILE = YES;
				MARKETING_VERSION = 1.0;
				PRODUCT_BUNDLE_IDENTIFIER = co.MarinaRiad.MoviesAppUITests;
				PRODUCT_NAME = "$(TARGET_NAME)";
				SWIFT_EMIT_LOC_STRINGS = NO;
				SWIFT_VERSION = 5.0;
				TARGETED_DEVICE_FAMILY = "1,2";
				TEST_TARGET_NAME = MoviesApp;
			};
			name = Debug;
		};
		F844BBCC28D0DF9C00669178 /* Release */ = {
			isa = XCBuildConfiguration;
			buildSettings = {
				ALWAYS_EMBED_SWIFT_STANDARD_LIBRARIES = YES;
				CODE_SIGN_STYLE = Automatic;
				CURRENT_PROJECT_VERSION = 1;
				DEVELOPMENT_TEAM = F6WH3S8GMZ;
				GENERATE_INFOPLIST_FILE = YES;
				MARKETING_VERSION = 1.0;
				PRODUCT_BUNDLE_IDENTIFIER = co.MarinaRiad.MoviesAppUITests;
				PRODUCT_NAME = "$(TARGET_NAME)";
				SWIFT_EMIT_LOC_STRINGS = NO;
				SWIFT_VERSION = 5.0;
				TARGETED_DEVICE_FAMILY = "1,2";
				TEST_TARGET_NAME = MoviesApp;
			};
			name = Release;
		};
/* End XCBuildConfiguration section */

/* Begin XCConfigurationList section */
		F844BB9528D0DF9B00669178 /* Build configuration list for PBXProject "MoviesApp" */ = {
			isa = XCConfigurationList;
			buildConfigurations = (
				F844BBC228D0DF9C00669178 /* Debug */,
				F844BBC328D0DF9C00669178 /* Release */,
			);
			defaultConfigurationIsVisible = 0;
			defaultConfigurationName = Release;
		};
		F844BBC428D0DF9C00669178 /* Build configuration list for PBXNativeTarget "MoviesApp" */ = {
			isa = XCConfigurationList;
			buildConfigurations = (
				F844BBC528D0DF9C00669178 /* Debug */,
				F844BBC628D0DF9C00669178 /* Release */,
			);
			defaultConfigurationIsVisible = 0;
			defaultConfigurationName = Release;
		};
		F844BBC728D0DF9C00669178 /* Build configuration list for PBXNativeTarget "MoviesAppTests" */ = {
			isa = XCConfigurationList;
			buildConfigurations = (
				F844BBC828D0DF9C00669178 /* Debug */,
				F844BBC928D0DF9C00669178 /* Release */,
			);
			defaultConfigurationIsVisible = 0;
			defaultConfigurationName = Release;
		};
		F844BBCA28D0DF9C00669178 /* Build configuration list for PBXNativeTarget "MoviesAppUITests" */ = {
			isa = XCConfigurationList;
			buildConfigurations = (
				F844BBCB28D0DF9C00669178 /* Debug */,
				F844BBCC28D0DF9C00669178 /* Release */,
			);
			defaultConfigurationIsVisible = 0;
			defaultConfigurationName = Release;
		};
/* End XCConfigurationList section */
	};
	rootObject = F844BB9228D0DF9B00669178 /* Project object */;
}
